
Microsoft Visual Studio Solution File, Format Version 12.00
# Visual Studio Version 17
VisualStudioVersion = 17.4.33110.190
MinimumVisualStudioVersion = 10.0.40219.1
Project("{FAE04EC0-301F-11D3-BF4B-00C04F79EFBC}") = "WorldOfBooksWeb", "WorldOfBooksWeb\WorldOfBooksWeb.csproj", "{99AA8220-EB2A-42D3-9944-D7A8A8C6BF0B}"
EndProject
Global
	GlobalSection(SolutionConfigurationPlatforms) = preSolution
		Debug|Any CPU = Debug|Any CPU
		Release|Any CPU = Release|Any CPU
	EndGlobalSection
	GlobalSection(ProjectConfigurationPlatforms) = postSolution
		{99AA8220-EB2A-42D3-9944-D7A8A8C6BF0B}.Debug|Any CPU.ActiveCfg = Debug|Any CPU
		{99AA8220-EB2A-42D3-9944-D7A8A8C6BF0B}.Debug|Any CPU.Build.0 = Debug|Any CPU
		{99AA8220-EB2A-42D3-9944-D7A8A8C6BF0B}.Release|Any CPU.ActiveCfg = Release|Any CPU
		{99AA8220-EB2A-42D3-9944-D7A8A8C6BF0B}.Release|Any CPU.Build.0 = Release|Any CPU
	EndGlobalSection
	GlobalSection(SolutionProperties) = preSolution
		HideSolutionNode = FALSE
	EndGlobalSection
	GlobalSection(ExtensibilityGlobals) = postSolution
		SolutionGuid = {442944E4-0813-4691-A8D7-6274BDE6436E}
	EndGlobalSection
EndGlobal
